
Microsoft Visual Studio Solution File, Format Version 12.00
# Visual Studio 15
VisualStudioVersion = 15.0.28010.2046
MinimumVisualStudioVersion = 10.0.40219.1
Project("{FAE04EC0-301F-11D3-BF4B-00C04F79EFBC}") = "Vaca", "Vaca\Vaca.csproj", "{E8DE4F33-1E3A-4AD1-97E9-0EA7C7F69100}"
EndProject
Global
	GlobalSection(SolutionConfigurationPlatforms) = preSolution
		Debug|Any CPU = Debug|Any CPU
		Release|Any CPU = Release|Any CPU
	EndGlobalSection
	GlobalSection(ProjectConfigurationPlatforms) = postSolution
		{E8DE4F33-1E3A-4AD1-97E9-0EA7C7F69100}.Debug|Any CPU.ActiveCfg = Debug|Any CPU
		{E8DE4F33-1E3A-4AD1-97E9-0EA7C7F69100}.Debug|Any CPU.Build.0 = Debug|Any CPU
		{E8DE4F33-1E3A-4AD1-97E9-0EA7C7F69100}.Release|Any CPU.ActiveCfg = Release|Any CPU
		{E8DE4F33-1E3A-4AD1-97E9-0EA7C7F69100}.Release|Any CPU.Build.0 = Release|Any CPU
	EndGlobalSection
	GlobalSection(SolutionProperties) = preSolution
		HideSolutionNode = FALSE
	EndGlobalSection
	GlobalSection(ExtensibilityGlobals) = postSolution
		SolutionGuid = {B3020CB3-FA1D-4ACF-8090-C063D6B67657}
	EndGlobalSection
EndGlobal
